PODS:
  - Capacitor (2.4.6):
    - CapacitorCordova
  - CapacitorCordova (2.4.6)
  - CapacitorVoiceRecorder (0.0.1):
    - Capacitor
  - CordovaPlugins (2.4.6):
    - CapacitorCordova

DEPENDENCIES:
  - "Capacitor (from `../../node_modules/@capacitor/ios`)"
  - "CapacitorCordova (from `../../node_modules/@capacitor/ios`)"
  - CapacitorVoiceRecorder (from `../../node_modules/capacitor-voice-recorder`)
  - CordovaPlugins (from `../capacitor-cordova-ios-plugins`)

EXTERNAL SOURCES:
  Capacitor:
    :path: "../../node_modules/@capacitor/ios"
  CapacitorCordova:
    :path: "../../node_modules/@capacitor/ios"
  CapacitorVoiceRecorder:
    :path: "../../node_modules/capacitor-voice-recorder"
  CordovaPlugins:
    :path: "../capacitor-cordova-ios-plugins"

SPEC CHECKSUMS:
  Capacitor: 0f131577d41c082931f00cc080e2289d503465c8
  CapacitorCordova: 3375b39b5ebca770ac7869f85e4dea32a642c9e0
  CapacitorVoiceRecorder: 92d025b0e06130a49cc1bffa48b5038165d44bac
  CordovaPlugins: ee1b7a5eb7842a908f224028bd215a3244b4717a

PODFILE CHECKSUM: 927dbbc82e862d9ba0828f256a35f2ac962b6f8c

COCOAPODS: 1.10.1
